
Microsoft Visual Studio Solution File, Format Version 12.00
# Visual Studio 15
VisualStudioVersion = 15.0.28307.2017
MinimumVisualStudioVersion = 10.0.40219.1
Project("{FAE04EC0-301F-11D3-BF4B-00C04F79EFBC}") = "DotnetAlgorithm", "DotnetAlgorithm\DotnetAlgorithm.csproj", "{08E110A3-CBB9-46CC-B6CF-C375CB29C071}"
EndProject
Global
	GlobalSection(SolutionConfigurationPlatforms) = preSolution
		Debug|Any CPU = Debug|Any CPU
		Release|Any CPU = Release|Any CPU
	EndGlobalSection
	GlobalSection(ProjectConfigurationPlatforms) = postSolution
		{08E110A3-CBB9-46CC-B6CF-C375CB29C071}.Debug|Any CPU.ActiveCfg = Debug|Any CPU
		{08E110A3-CBB9-46CC-B6CF-C375CB29C071}.Debug|Any CPU.Build.0 = Debug|Any CPU
		{08E110A3-CBB9-46CC-B6CF-C375CB29C071}.Release|Any CPU.ActiveCfg = Release|Any CPU
		{08E110A3-CBB9-46CC-B6CF-C375CB29C071}.Release|Any CPU.Build.0 = Release|Any CPU
	EndGlobalSection
	GlobalSection(SolutionProperties) = preSolution
		HideSolutionNode = FALSE
	EndGlobalSection
	GlobalSection(ExtensibilityGlobals) = postSolution
		SolutionGuid = {323DDDD0-F7B8-424F-A9B2-7DCA7D6B928F}
	EndGlobalSection
EndGlobal
